
Microsoft Visual Studio Solution File, Format Version 12.00
# Visual Studio Version 16
VisualStudioVersion = 16.0.30011.22
MinimumVisualStudioVersion = 10.0.40219.1
Project("{FAE04EC0-301F-11D3-BF4B-00C04F79EFBC}") = "DependencyInjectionDemo", "DependencyInjectionDemo\DependencyInjectionDemo.csproj", "{30CD90FD-695C-47FB-B280-18D9F4CF13DE}"
EndProject
Project("{2150E333-8FDC-42A3-9474-1A3956D46DE8}") = "src", "src", "{75DD6907-4FF8-40D5-BAC1-B75A749BA7A5}"
EndProject
Project("{2150E333-8FDC-42A3-9474-1A3956D46DE8}") = "test", "test", "{806CA0DD-E1A0-413C-8572-029ADA493156}"
EndProject
Project("{FAE04EC0-301F-11D3-BF4B-00C04F79EFBC}") = "NinjectDependencyInjectionDemo", "NinjectDependencyInjectionDemo\NinjectDependencyInjectionDemo.csproj", "{E0624F29-0DD9-43C4-AA87-15AD81E9F5FE}"
EndProject
Project("{FAE04EC0-301F-11D3-BF4B-00C04F79EFBC}") = "UnitTests", "UnitTests\UnitTests.csproj", "{934A4A36-234D-44DC-B2B3-317507E32D47}"
EndProject
Global
	GlobalSection(SolutionConfigurationPlatforms) = preSolution
		Debug|Any CPU = Debug|Any CPU
		Release|Any CPU = Release|Any CPU
	EndGlobalSection
	GlobalSection(ProjectConfigurationPlatforms) = postSolution
		{30CD90FD-695C-47FB-B280-18D9F4CF13DE}.Debug|Any CPU.ActiveCfg = Debug|Any CPU
		{30CD90FD-695C-47FB-B280-18D9F4CF13DE}.Debug|Any CPU.Build.0 = Debug|Any CPU
		{30CD90FD-695C-47FB-B280-18D9F4CF13DE}.Release|Any CPU.ActiveCfg = Release|Any CPU
		{30CD90FD-695C-47FB-B280-18D9F4CF13DE}.Release|Any CPU.Build.0 = Release|Any CPU
		{E0624F29-0DD9-43C4-AA87-15AD81E9F5FE}.Debug|Any CPU.ActiveCfg = Debug|Any CPU
		{E0624F29-0DD9-43C4-AA87-15AD81E9F5FE}.Debug|Any CPU.Build.0 = Debug|Any CPU
		{E0624F29-0DD9-43C4-AA87-15AD81E9F5FE}.Release|Any CPU.ActiveCfg = Release|Any CPU
		{E0624F29-0DD9-43C4-AA87-15AD81E9F5FE}.Release|Any CPU.Build.0 = Release|Any CPU
		{934A4A36-234D-44DC-B2B3-317507E32D47}.Debug|Any CPU.ActiveCfg = Debug|Any CPU
		{934A4A36-234D-44DC-B2B3-317507E32D47}.Debug|Any CPU.Build.0 = Debug|Any CPU
		{934A4A36-234D-44DC-B2B3-317507E32D47}.Release|Any CPU.ActiveCfg = Release|Any CPU
		{934A4A36-234D-44DC-B2B3-317507E32D47}.Release|Any CPU.Build.0 = Release|Any CPU
	EndGlobalSection
	GlobalSection(SolutionProperties) = preSolution
		HideSolutionNode = FALSE
	EndGlobalSection
	GlobalSection(NestedProjects) = preSolution
		{30CD90FD-695C-47FB-B280-18D9F4CF13DE} = {75DD6907-4FF8-40D5-BAC1-B75A749BA7A5}
		{E0624F29-0DD9-43C4-AA87-15AD81E9F5FE} = {75DD6907-4FF8-40D5-BAC1-B75A749BA7A5}
		{934A4A36-234D-44DC-B2B3-317507E32D47} = {806CA0DD-E1A0-413C-8572-029ADA493156}
	EndGlobalSection
	GlobalSection(ExtensibilityGlobals) = postSolution
		SolutionGuid = {03C4B681-3CA5-4598-B8C7-E6A4CFF4A550}
	EndGlobalSection
EndGlobal
